
Microsoft Visual Studio Solution File, Format Version 12.00
# Visual Studio Version 16
VisualStudioVersion = 16.0.31313.79
MinimumVisualStudioVersion = 10.0.40219.1
Project("{9A19103F-16F7-4668-BE54-9A1E7A4F7556}") = "Template", "Template.csproj", "{587213F0-FF08-4DCF-AE6E-EFE2031A59DD}"
EndProject
Project("{9A19103F-16F7-4668-BE54-9A1E7A4F7556}") = "Service.DataLayer", "Service.DataLayer\Service.DataLayer.csproj", "{01E5DB2E-4716-456A-B9F2-05FF06ED5ED4}"
EndProject
Global
	GlobalSection(SolutionConfigurationPlatforms) = preSolution
		Debug|Any CPU = Debug|Any CPU
		Release|Any CPU = Release|Any CPU
	EndGlobalSection
	GlobalSection(ProjectConfigurationPlatforms) = postSolution
		{587213F0-FF08-4DCF-AE6E-EFE2031A59DD}.Debug|Any CPU.ActiveCfg = Debug|Any CPU
		{587213F0-FF08-4DCF-AE6E-EFE2031A59DD}.Debug|Any CPU.Build.0 = Debug|Any CPU
		{587213F0-FF08-4DCF-AE6E-EFE2031A59DD}.Release|Any CPU.ActiveCfg = Release|Any CPU
		{587213F0-FF08-4DCF-AE6E-EFE2031A59DD}.Release|Any CPU.Build.0 = Release|Any CPU
		{01E5DB2E-4716-456A-B9F2-05FF06ED5ED4}.Debug|Any CPU.ActiveCfg = Debug|Any CPU
		{01E5DB2E-4716-456A-B9F2-05FF06ED5ED4}.Debug|Any CPU.Build.0 = Debug|Any CPU
		{01E5DB2E-4716-456A-B9F2-05FF06ED5ED4}.Release|Any CPU.ActiveCfg = Release|Any CPU
		{01E5DB2E-4716-456A-B9F2-05FF06ED5ED4}.Release|Any CPU.Build.0 = Release|Any CPU
	EndGlobalSection
	GlobalSection(SolutionProperties) = preSolution
		HideSolutionNode = FALSE
	EndGlobalSection
	GlobalSection(ExtensibilityGlobals) = postSolution
		SolutionGuid = {FBFE038B-0BAE-4FAC-BCD5-1A78ED7082D3}
	EndGlobalSection
EndGlobal
